
Microsoft Visual Studio Solution File, Format Version 12.00
# Visual Studio Version 17
VisualStudioVersion = 17.6.33829.357
MinimumVisualStudioVersion = 10.0.40219.1
Project("{FAE04EC0-301F-11D3-BF4B-00C04F79EFBC}") = "DockeroDummy", "DockeroDummy.csproj", "{0360EC9F-8AB2-412E-A07E-99EFEDC083AC}"
EndProject
Global
	GlobalSection(SolutionConfigurationPlatforms) = preSolution
		Debug|Any CPU = Debug|Any CPU
		Release|Any CPU = Release|Any CPU
	EndGlobalSection
	GlobalSection(ProjectConfigurationPlatforms) = postSolution
		{0360EC9F-8AB2-412E-A07E-99EFEDC083AC}.Debug|Any CPU.ActiveCfg = Debug|Any CPU
		{0360EC9F-8AB2-412E-A07E-99EFEDC083AC}.Debug|Any CPU.Build.0 = Debug|Any CPU
		{0360EC9F-8AB2-412E-A07E-99EFEDC083AC}.Release|Any CPU.ActiveCfg = Release|Any CPU
		{0360EC9F-8AB2-412E-A07E-99EFEDC083AC}.Release|Any CPU.Build.0 = Release|Any CPU
	EndGlobalSection
	GlobalSection(SolutionProperties) = preSolution
		HideSolutionNode = FALSE
	EndGlobalSection
	GlobalSection(ExtensibilityGlobals) = postSolution
		SolutionGuid = {61B83441-E933-4AB3-93E2-978082D0B0F8}
	EndGlobalSection
EndGlobal
